
Microsoft Visual Studio Solution File, Format Version 12.00
# Visual Studio 2012
Project("{FAE04EC0-301F-11D3-BF4B-00C04F79EFBC}") = "NControl.MvvmDemo", "Demo\MvvmDemo\NControl.MvvmDemo.csproj", "{5DFFC8E3-5C21-49CF-9131-F49943250762}"
EndProject
Project("{FAE04EC0-301F-11D3-BF4B-00C04F79EFBC}") = "NControl.MvvmDemo.iOS", "Demo\iOS\NControl.MvvmDemo.iOS.csproj", "{EC6A99E8-0341-4512-A69E-4B394C62AB89}"
EndProject
Project("{FAE04EC0-301F-11D3-BF4B-00C04F79EFBC}") = "NControl.MvvmDemo.Droid", "Demo\Droid\NControl.MvvmDemo.Droid.csproj", "{AA4520C6-5364-4D35-B48F-EBE0F4C1AC44}"
EndProject
Project("{2150E333-8FDC-42A3-9474-1A3956D46DE8}") = "Library", "Library", "{7531541E-B7FF-4E7E-B336-A7DAB576105A}"
	ProjectSection(SolutionItems) = preProject
		NControl.MVVM.nuspec = NControl.MVVM.nuspec
		README.MD = README.MD
		LICENSE.md = LICENSE.md
	EndProjectSection
EndProject
Project("{FAE04EC0-301F-11D3-BF4B-00C04F79EFBC}") = "NControl.Mvvm", "NControl.MVVM\NControl.Mvvm.csproj", "{6AF0AE38-F4D7-4A23-9E9F-4B11DF18ECC7}"
EndProject
Project("{FAE04EC0-301F-11D3-BF4B-00C04F79EFBC}") = "NControl.Mvvm.iOS", "NControl.MVVM.iOS\NControl.Mvvm.iOS.csproj", "{F1528ACD-1452-4DD4-8227-9CD52879D0E0}"
EndProject
Project("{FAE04EC0-301F-11D3-BF4B-00C04F79EFBC}") = "NControl.Mvvm.Droid", "NControl.MVVM.Droid\NControl.Mvvm.Droid.csproj", "{967C6CBE-86FA-4907-B153-063A3997B3CF}"
EndProject
Project("{FAE04EC0-301F-11D3-BF4B-00C04F79EFBC}") = "NControl.MVVM.Fluid", "NControl.MVVM.Fluid\NControl.MVVM.Fluid.csproj", "{D757C407-D204-468E-8A85-8A3C79712FD6}"
EndProject
Project("{2150E333-8FDC-42A3-9474-1A3956D46DE8}") = "Animation", "Animation", "{1ACA5A0C-0661-4274-A97E-9DC7E9B512BD}"
EndProject
Project("{FAE04EC0-301F-11D3-BF4B-00C04F79EFBC}") = "NControl.XAnimation", "Animation\NControl.XAnimation\NControl.XAnimation.csproj", "{5417603E-26FE-4000-AEDC-7B13AF7D2909}"
EndProject
Project("{FAE04EC0-301F-11D3-BF4B-00C04F79EFBC}") = "NControl.XAnimation.iOS", "Animation\NControl.XAnimation.iOS\NControl.XAnimation.iOS.csproj", "{CD9E691A-EA69-428F-B8A6-5F3969F38AF8}"
EndProject
Project("{FAE04EC0-301F-11D3-BF4B-00C04F79EFBC}") = "NControl.XAnimation.Droid", "Animation\NControl.XAnimation.Droid\NControl.XAnimation.Droid.csproj", "{EFAE0925-96E2-45B9-80F2-D2A63F839A1A}"
EndProject
Project("{FAE04EC0-301F-11D3-BF4B-00C04F79EFBC}") = "NControl.Mvvm.Fluid.iOS", "NControl.Mvvm.Fluid.iOS\NControl.Mvvm.Fluid.iOS.csproj", "{E252288B-A091-4D4A-A6B9-89631F13FC48}"
EndProject
Project("{FAE04EC0-301F-11D3-BF4B-00C04F79EFBC}") = "NControl.Mvvm.Fluid.Droid", "NControl.Mvvm.Fluid.Droid\NControl.Mvvm.Fluid.Droid.csproj", "{EA027B4B-F1E1-4418-8A26-066DEDEFA4F0}"
EndProject
Project("{2150E333-8FDC-42A3-9474-1A3956D46DE8}") = "Demo", "Demo", "{83E5DC0E-47BC-45D9-A58D-69E5103E1955}"
EndProject
Project("{FAE04EC0-301F-11D3-BF4B-00C04F79EFBC}") = "XAnimationDemo", "Animation\XAnimationDemo\XAnimationDemo.csproj", "{597E4337-8137-4BC3-A0B8-4858D8F8B6EE}"
EndProject
Project("{FAE04EC0-301F-11D3-BF4B-00C04F79EFBC}") = "XAnimationDemo.iOS", "Animation\iOS\XAnimationDemo.iOS.csproj", "{C1B317F8-212D-480A-AA4E-5E25BDBC08A2}"
EndProject
Project("{FAE04EC0-301F-11D3-BF4B-00C04F79EFBC}") = "XAnimationDemo.Droid", "Animation\Droid\XAnimationDemo.Droid.csproj", "{B39137AE-7426-4415-8202-D6367D557806}"
EndProject
Project("{FAE04EC0-301F-11D3-BF4B-00C04F79EFBC}") = "NControl.XAnimation.Tests", "Animation\NControl.XAnimation.Tests\NControl.XAnimation.Tests.csproj", "{D61CD6E3-36EC-4517-B3A5-E07864B149BE}"
EndProject
Global
	GlobalSection(SolutionConfigurationPlatforms) = preSolution
		Debug|Any CPU = Debug|Any CPU
		Release|Any CPU = Release|Any CPU
		Debug|iPhoneSimulator = Debug|iPhoneSimulator
		Release|iPhone = Release|iPhone
		Release|iPhoneSimulator = Release|iPhoneSimulator
		Debug|iPhone = Debug|iPhone
	EndGlobalSection
	GlobalSection(ProjectConfigurationPlatforms) = postSolution
		{5DFFC8E3-5C21-49CF-9131-F49943250762}.Debug|Any CPU.ActiveCfg = Debug|Any CPU
		{5DFFC8E3-5C21-49CF-9131-F49943250762}.Debug|Any CPU.Build.0 = Debug|Any CPU
		{5DFFC8E3-5C21-49CF-9131-F49943250762}.Debug|iPhone.ActiveCfg = Debug|Any CPU
		{5DFFC8E3-5C21-49CF-9131-F49943250762}.Debug|iPhone.Build.0 = Debug|Any CPU
		{5DFFC8E3-5C21-49CF-9131-F49943250762}.Debug|iPhoneSimulator.ActiveCfg = Debug|Any CPU
		{5DFFC8E3-5C21-49CF-9131-F49943250762}.Debug|iPhoneSimulator.Build.0 = Debug|Any CPU
		{5DFFC8E3-5C21-49CF-9131-F49943250762}.Release|Any CPU.ActiveCfg = Release|Any CPU
		{5DFFC8E3-5C21-49CF-9131-F49943250762}.Release|Any CPU.Build.0 = Release|Any CPU
		{5DFFC8E3-5C21-49CF-9131-F49943250762}.Release|iPhone.ActiveCfg = Release|Any CPU
		{5DFFC8E3-5C21-49CF-9131-F49943250762}.Release|iPhone.Build.0 = Release|Any CPU
		{5DFFC8E3-5C21-49CF-9131-F49943250762}.Release|iPhoneSimulator.ActiveCfg = Release|Any CPU
		{5DFFC8E3-5C21-49CF-9131-F49943250762}.Release|iPhoneSimulator.Build.0 = Release|Any CPU
		{6AF0AE38-F4D7-4A23-9E9F-4B11DF18ECC7}.Debug|Any CPU.ActiveCfg = Debug|Any CPU
		{6AF0AE38-F4D7-4A23-9E9F-4B11DF18ECC7}.Debug|Any CPU.Build.0 = Debug|Any CPU
		{6AF0AE38-F4D7-4A23-9E9F-4B11DF18ECC7}.Debug|iPhone.ActiveCfg = Debug|Any CPU
		{6AF0AE38-F4D7-4A23-9E9F-4B11DF18ECC7}.Debug|iPhone.Build.0 = Debug|Any CPU
		{6AF0AE38-F4D7-4A23-9E9F-4B11DF18ECC7}.Debug|iPhoneSimulator.ActiveCfg = Debug|Any CPU
		{6AF0AE38-F4D7-4A23-9E9F-4B11DF18ECC7}.Debug|iPhoneSimulator.Build.0 = Debug|Any CPU
		{6AF0AE38-F4D7-4A23-9E9F-4B11DF18ECC7}.Release|Any CPU.ActiveCfg = Release|Any CPU
		{6AF0AE38-F4D7-4A23-9E9F-4B11DF18ECC7}.Release|Any CPU.Build.0 = Release|Any CPU
		{6AF0AE38-F4D7-4A23-9E9F-4B11DF18ECC7}.Release|iPhone.ActiveCfg = Release|Any CPU
		{6AF0AE38-F4D7-4A23-9E9F-4B11DF18ECC7}.Release|iPhone.Build.0 = Release|Any CPU
		{6AF0AE38-F4D7-4A23-9E9F-4B11DF18ECC7}.Release|iPhoneSimulator.ActiveCfg = Release|Any CPU
		{6AF0AE38-F4D7-4A23-9E9F-4B11DF18ECC7}.Release|iPhoneSimulator.Build.0 = Release|Any CPU
		{967C6CBE-86FA-4907-B153-063A3997B3CF}.Debug|Any CPU.ActiveCfg = Debug|Any CPU
		{967C6CBE-86FA-4907-B153-063A3997B3CF}.Debug|Any CPU.Build.0 = Debug|Any CPU
		{967C6CBE-86FA-4907-B153-063A3997B3CF}.Debug|iPhone.ActiveCfg = Debug|Any CPU
		{967C6CBE-86FA-4907-B153-063A3997B3CF}.Debug|iPhone.Build.0 = Debug|Any CPU
		{967C6CBE-86FA-4907-B153-063A3997B3CF}.Debug|iPhoneSimulator.ActiveCfg = Debug|Any CPU
		{967C6CBE-86FA-4907-B153-063A3997B3CF}.Debug|iPhoneSimulator.Build.0 = Debug|Any CPU
		{967C6CBE-86FA-4907-B153-063A3997B3CF}.Release|Any CPU.ActiveCfg = Release|Any CPU
		{967C6CBE-86FA-4907-B153-063A3997B3CF}.Release|Any CPU.Build.0 = Release|Any CPU
		{967C6CBE-86FA-4907-B153-063A3997B3CF}.Release|iPhone.ActiveCfg = Release|Any CPU
		{967C6CBE-86FA-4907-B153-063A3997B3CF}.Release|iPhone.Build.0 = Release|Any CPU
		{967C6CBE-86FA-4907-B153-063A3997B3CF}.Release|iPhoneSimulator.ActiveCfg = Release|Any CPU
		{967C6CBE-86FA-4907-B153-063A3997B3CF}.Release|iPhoneSimulator.Build.0 = Release|Any CPU
		{AA4520C6-5364-4D35-B48F-EBE0F4C1AC44}.Debug|Any CPU.ActiveCfg = Debug|Any CPU
		{AA4520C6-5364-4D35-B48F-EBE0F4C1AC44}.Debug|Any CPU.Build.0 = Debug|Any CPU
		{AA4520C6-5364-4D35-B48F-EBE0F4C1AC44}.Debug|iPhone.ActiveCfg = Debug|Any CPU
		{AA4520C6-5364-4D35-B48F-EBE0F4C1AC44}.Debug|iPhone.Build.0 = Debug|Any CPU
		{AA4520C6-5364-4D35-B48F-EBE0F4C1AC44}.Debug|iPhoneSimulator.ActiveCfg = Debug|Any CPU
		{AA4520C6-5364-4D35-B48F-EBE0F4C1AC44}.Debug|iPhoneSimulator.Build.0 = Debug|Any CPU
		{AA4520C6-5364-4D35-B48F-EBE0F4C1AC44}.Release|Any CPU.ActiveCfg = Release|Any CPU
		{AA4520C6-5364-4D35-B48F-EBE0F4C1AC44}.Release|Any CPU.Build.0 = Release|Any CPU
		{AA4520C6-5364-4D35-B48F-EBE0F4C1AC44}.Release|iPhone.ActiveCfg = Release|Any CPU
		{AA4520C6-5364-4D35-B48F-EBE0F4C1AC44}.Release|iPhone.Build.0 = Release|Any CPU
		{AA4520C6-5364-4D35-B48F-EBE0F4C1AC44}.Release|iPhoneSimulator.ActiveCfg = Release|Any CPU
		{AA4520C6-5364-4D35-B48F-EBE0F4C1AC44}.Release|iPhoneSimulator.Build.0 = Release|Any CPU
		{EC6A99E8-0341-4512-A69E-4B394C62AB89}.Debug|Any CPU.ActiveCfg = Debug|iPhoneSimulator
		{EC6A99E8-0341-4512-A69E-4B394C62AB89}.Debug|Any CPU.Build.0 = Debug|iPhoneSimulator
		{EC6A99E8-0341-4512-A69E-4B394C62AB89}.Debug|iPhone.ActiveCfg = Debug|iPhone
		{EC6A99E8-0341-4512-A69E-4B394C62AB89}.Debug|iPhone.Build.0 = Debug|iPhone
		{EC6A99E8-0341-4512-A69E-4B394C62AB89}.Debug|iPhoneSimulator.ActiveCfg = Debug|iPhoneSimulator
		{EC6A99E8-0341-4512-A69E-4B394C62AB89}.Debug|iPhoneSimulator.Build.0 = Debug|iPhoneSimulator
		{EC6A99E8-0341-4512-A69E-4B394C62AB89}.Release|Any CPU.ActiveCfg = Release|iPhone
		{EC6A99E8-0341-4512-A69E-4B394C62AB89}.Release|Any CPU.Build.0 = Release|iPhone
		{EC6A99E8-0341-4512-A69E-4B394C62AB89}.Release|iPhone.ActiveCfg = Release|iPhone
		{EC6A99E8-0341-4512-A69E-4B394C62AB89}.Release|iPhone.Build.0 = Release|iPhone
		{EC6A99E8-0341-4512-A69E-4B394C62AB89}.Release|iPhoneSimulator.ActiveCfg = Release|iPhoneSimulator
		{EC6A99E8-0341-4512-A69E-4B394C62AB89}.Release|iPhoneSimulator.Build.0 = Release|iPhoneSimulator
		{F1528ACD-1452-4DD4-8227-9CD52879D0E0}.Debug|Any CPU.ActiveCfg = Debug|Any CPU
		{F1528ACD-1452-4DD4-8227-9CD52879D0E0}.Debug|Any CPU.Build.0 = Debug|Any CPU
		{F1528ACD-1452-4DD4-8227-9CD52879D0E0}.Debug|iPhone.ActiveCfg = Debug|Any CPU
		{F1528ACD-1452-4DD4-8227-9CD52879D0E0}.Debug|iPhone.Build.0 = Debug|Any CPU
		{F1528ACD-1452-4DD4-8227-9CD52879D0E0}.Debug|iPhoneSimulator.ActiveCfg = Debug|Any CPU
		{F1528ACD-1452-4DD4-8227-9CD52879D0E0}.Debug|iPhoneSimulator.Build.0 = Debug|Any CPU
		{F1528ACD-1452-4DD4-8227-9CD52879D0E0}.Release|Any CPU.ActiveCfg = Release|Any CPU
		{F1528ACD-1452-4DD4-8227-9CD52879D0E0}.Release|Any CPU.Build.0 = Release|Any CPU
		{F1528ACD-1452-4DD4-8227-9CD52879D0E0}.Release|iPhone.ActiveCfg = Release|Any CPU
		{F1528ACD-1452-4DD4-8227-9CD52879D0E0}.Release|iPhone.Build.0 = Release|Any CPU
		{F1528ACD-1452-4DD4-8227-9CD52879D0E0}.Release|iPhoneSimulator.ActiveCfg = Release|Any CPU
		{F1528ACD-1452-4DD4-8227-9CD52879D0E0}.Release|iPhoneSimulator.Build.0 = Release|Any CPU
		{D757C407-D204-468E-8A85-8A3C79712FD6}.Debug|Any CPU.ActiveCfg = Debug|Any CPU
		{D757C407-D204-468E-8A85-8A3C79712FD6}.Debug|Any CPU.Build.0 = Debug|Any CPU
		{D757C407-D204-468E-8A85-8A3C79712FD6}.Release|Any CPU.ActiveCfg = Release|Any CPU
		{D757C407-D204-468E-8A85-8A3C79712FD6}.Release|Any CPU.Build.0 = Release|Any CPU
		{D757C407-D204-468E-8A85-8A3C79712FD6}.Debug|iPhoneSimulator.ActiveCfg = Debug|Any CPU
		{D757C407-D204-468E-8A85-8A3C79712FD6}.Debug|iPhoneSimulator.Build.0 = Debug|Any CPU
		{D757C407-D204-468E-8A85-8A3C79712FD6}.Release|iPhone.ActiveCfg = Release|Any CPU
		{D757C407-D204-468E-8A85-8A3C79712FD6}.Release|iPhone.Build.0 = Release|Any CPU
		{D757C407-D204-468E-8A85-8A3C79712FD6}.Release|iPhoneSimulator.ActiveCfg = Release|Any CPU
		{D757C407-D204-468E-8A85-8A3C79712FD6}.Release|iPhoneSimulator.Build.0 = Release|Any CPU
		{D757C407-D204-468E-8A85-8A3C79712FD6}.Debug|iPhone.ActiveCfg = Debug|Any CPU
		{D757C407-D204-468E-8A85-8A3C79712FD6}.Debug|iPhone.Build.0 = Debug|Any CPU
		{5417603E-26FE-4000-AEDC-7B13AF7D2909}.Debug|Any CPU.ActiveCfg = Debug|Any CPU
		{5417603E-26FE-4000-AEDC-7B13AF7D2909}.Debug|Any CPU.Build.0 = Debug|Any CPU
		{5417603E-26FE-4000-AEDC-7B13AF7D2909}.Release|Any CPU.ActiveCfg = Release|Any CPU
		{5417603E-26FE-4000-AEDC-7B13AF7D2909}.Release|Any CPU.Build.0 = Release|Any CPU
		{5417603E-26FE-4000-AEDC-7B13AF7D2909}.Debug|iPhoneSimulator.ActiveCfg = Debug|Any CPU
		{5417603E-26FE-4000-AEDC-7B13AF7D2909}.Debug|iPhoneSimulator.Build.0 = Debug|Any CPU
		{5417603E-26FE-4000-AEDC-7B13AF7D2909}.Release|iPhone.ActiveCfg = Release|Any CPU
		{5417603E-26FE-4000-AEDC-7B13AF7D2909}.Release|iPhone.Build.0 = Release|Any CPU
		{5417603E-26FE-4000-AEDC-7B13AF7D2909}.Release|iPhoneSimulator.ActiveCfg = Release|Any CPU
		{5417603E-26FE-4000-AEDC-7B13AF7D2909}.Release|iPhoneSimulator.Build.0 = Release|Any CPU
		{5417603E-26FE-4000-AEDC-7B13AF7D2909}.Debug|iPhone.ActiveCfg = Debug|Any CPU
		{5417603E-26FE-4000-AEDC-7B13AF7D2909}.Debug|iPhone.Build.0 = Debug|Any CPU
		{CD9E691A-EA69-428F-B8A6-5F3969F38AF8}.Debug|Any CPU.ActiveCfg = Debug|Any CPU
		{CD9E691A-EA69-428F-B8A6-5F3969F38AF8}.Debug|Any CPU.Build.0 = Debug|Any CPU
		{CD9E691A-EA69-428F-B8A6-5F3969F38AF8}.Release|Any CPU.ActiveCfg = Release|Any CPU
		{CD9E691A-EA69-428F-B8A6-5F3969F38AF8}.Release|Any CPU.Build.0 = Release|Any CPU
		{CD9E691A-EA69-428F-B8A6-5F3969F38AF8}.Debug|iPhoneSimulator.ActiveCfg = Debug|Any CPU
		{CD9E691A-EA69-428F-B8A6-5F3969F38AF8}.Debug|iPhoneSimulator.Build.0 = Debug|Any CPU
		{CD9E691A-EA69-428F-B8A6-5F3969F38AF8}.Release|iPhone.ActiveCfg = Release|Any CPU
		{CD9E691A-EA69-428F-B8A6-5F3969F38AF8}.Release|iPhone.Build.0 = Release|Any CPU
		{CD9E691A-EA69-428F-B8A6-5F3969F38AF8}.Release|iPhoneSimulator.ActiveCfg = Release|Any CPU
		{CD9E691A-EA69-428F-B8A6-5F3969F38AF8}.Release|iPhoneSimulator.Build.0 = Release|Any CPU
		{CD9E691A-EA69-428F-B8A6-5F3969F38AF8}.Debug|iPhone.ActiveCfg = Debug|Any CPU
		{CD9E691A-EA69-428F-B8A6-5F3969F38AF8}.Debug|iPhone.Build.0 = Debug|Any CPU
		{EFAE0925-96E2-45B9-80F2-D2A63F839A1A}.Debug|Any CPU.ActiveCfg = Debug|Any CPU
		{EFAE0925-96E2-45B9-80F2-D2A63F839A1A}.Debug|Any CPU.Build.0 = Debug|Any CPU
		{EFAE0925-96E2-45B9-80F2-D2A63F839A1A}.Release|Any CPU.ActiveCfg = Release|Any CPU
		{EFAE0925-96E2-45B9-80F2-D2A63F839A1A}.Release|Any CPU.Build.0 = Release|Any CPU
		{EFAE0925-96E2-45B9-80F2-D2A63F839A1A}.Debug|iPhoneSimulator.ActiveCfg = Debug|Any CPU
		{EFAE0925-96E2-45B9-80F2-D2A63F839A1A}.Debug|iPhoneSimulator.Build.0 = Debug|Any CPU
		{EFAE0925-96E2-45B9-80F2-D2A63F839A1A}.Release|iPhone.ActiveCfg = Release|Any CPU
		{EFAE0925-96E2-45B9-80F2-D2A63F839A1A}.Release|iPhone.Build.0 = Release|Any CPU
		{EFAE0925-96E2-45B9-80F2-D2A63F839A1A}.Release|iPhoneSimulator.ActiveCfg = Release|Any CPU
		{EFAE0925-96E2-45B9-80F2-D2A63F839A1A}.Release|iPhoneSimulator.Build.0 = Release|Any CPU
		{EFAE0925-96E2-45B9-80F2-D2A63F839A1A}.Debug|iPhone.ActiveCfg = Debug|Any CPU
		{EFAE0925-96E2-45B9-80F2-D2A63F839A1A}.Debug|iPhone.Build.0 = Debug|Any CPU
		{E252288B-A091-4D4A-A6B9-89631F13FC48}.Debug|Any CPU.ActiveCfg = Debug|Any CPU
		{E252288B-A091-4D4A-A6B9-89631F13FC48}.Debug|Any CPU.Build.0 = Debug|Any CPU
		{E252288B-A091-4D4A-A6B9-89631F13FC48}.Release|Any CPU.ActiveCfg = Release|Any CPU
		{E252288B-A091-4D4A-A6B9-89631F13FC48}.Release|Any CPU.Build.0 = Release|Any CPU
		{E252288B-A091-4D4A-A6B9-89631F13FC48}.Debug|iPhoneSimulator.ActiveCfg = Debug|Any CPU
		{E252288B-A091-4D4A-A6B9-89631F13FC48}.Debug|iPhoneSimulator.Build.0 = Debug|Any CPU
		{E252288B-A091-4D4A-A6B9-89631F13FC48}.Release|iPhone.ActiveCfg = Release|Any CPU
		{E252288B-A091-4D4A-A6B9-89631F13FC48}.Release|iPhone.Build.0 = Release|Any CPU
		{E252288B-A091-4D4A-A6B9-89631F13FC48}.Release|iPhoneSimulator.ActiveCfg = Release|Any CPU
		{E252288B-A091-4D4A-A6B9-89631F13FC48}.Release|iPhoneSimulator.Build.0 = Release|Any CPU
		{E252288B-A091-4D4A-A6B9-89631F13FC48}.Debug|iPhone.ActiveCfg = Debug|Any CPU
		{E252288B-A091-4D4A-A6B9-89631F13FC48}.Debug|iPhone.Build.0 = Debug|Any CPU
		{EA027B4B-F1E1-4418-8A26-066DEDEFA4F0}.Debug|Any CPU.ActiveCfg = Debug|Any CPU
		{EA027B4B-F1E1-4418-8A26-066DEDEFA4F0}.Debug|Any CPU.Build.0 = Debug|Any CPU
		{EA027B4B-F1E1-4418-8A26-066DEDEFA4F0}.Release|Any CPU.ActiveCfg = Release|Any CPU
		{EA027B4B-F1E1-4418-8A26-066DEDEFA4F0}.Release|Any CPU.Build.0 = Release|Any CPU
		{EA027B4B-F1E1-4418-8A26-066DEDEFA4F0}.Debug|iPhoneSimulator.ActiveCfg = Debug|Any CPU
		{EA027B4B-F1E1-4418-8A26-066DEDEFA4F0}.Debug|iPhoneSimulator.Build.0 = Debug|Any CPU
		{EA027B4B-F1E1-4418-8A26-066DEDEFA4F0}.Release|iPhone.ActiveCfg = Release|Any CPU
		{EA027B4B-F1E1-4418-8A26-066DEDEFA4F0}.Release|iPhone.Build.0 = Release|Any CPU
		{EA027B4B-F1E1-4418-8A26-066DEDEFA4F0}.Release|iPhoneSimulator.ActiveCfg = Release|Any CPU
		{EA027B4B-F1E1-4418-8A26-066DEDEFA4F0}.Release|iPhoneSimulator.Build.0 = Release|Any CPU
		{EA027B4B-F1E1-4418-8A26-066DEDEFA4F0}.Debug|iPhone.ActiveCfg = Debug|Any CPU
		{EA027B4B-F1E1-4418-8A26-066DEDEFA4F0}.Debug|iPhone.Build.0 = Debug|Any CPU
		{597E4337-8137-4BC3-A0B8-4858D8F8B6EE}.Debug|Any CPU.ActiveCfg = Debug|Any CPU
		{597E4337-8137-4BC3-A0B8-4858D8F8B6EE}.Debug|Any CPU.Build.0 = Debug|Any CPU
		{597E4337-8137-4BC3-A0B8-4858D8F8B6EE}.Release|Any CPU.ActiveCfg = Release|Any CPU
		{597E4337-8137-4BC3-A0B8-4858D8F8B6EE}.Release|Any CPU.Build.0 = Release|Any CPU
		{597E4337-8137-4BC3-A0B8-4858D8F8B6EE}.Debug|iPhoneSimulator.ActiveCfg = Debug|Any CPU
		{597E4337-8137-4BC3-A0B8-4858D8F8B6EE}.Debug|iPhoneSimulator.Build.0 = Debug|Any CPU
		{597E4337-8137-4BC3-A0B8-4858D8F8B6EE}.Release|iPhone.ActiveCfg = Release|Any CPU
		{597E4337-8137-4BC3-A0B8-4858D8F8B6EE}.Release|iPhone.Build.0 = Release|Any CPU
		{597E4337-8137-4BC3-A0B8-4858D8F8B6EE}.Release|iPhoneSimulator.ActiveCfg = Release|Any CPU
		{597E4337-8137-4BC3-A0B8-4858D8F8B6EE}.Release|iPhoneSimulator.Build.0 = Release|Any CPU
		{597E4337-8137-4BC3-A0B8-4858D8F8B6EE}.Debug|iPhone.ActiveCfg = Debug|Any CPU
		{597E4337-8137-4BC3-A0B8-4858D8F8B6EE}.Debug|iPhone.Build.0 = Debug|Any CPU
		{C1B317F8-212D-480A-AA4E-5E25BDBC08A2}.Debug|Any CPU.ActiveCfg = Debug|iPhoneSimulator
		{C1B317F8-212D-480A-AA4E-5E25BDBC08A2}.Debug|Any CPU.Build.0 = Debug|iPhoneSimulator
		{C1B317F8-212D-480A-AA4E-5E25BDBC08A2}.Release|Any CPU.ActiveCfg = Release|iPhone
		{C1B317F8-212D-480A-AA4E-5E25BDBC08A2}.Release|Any CPU.Build.0 = Release|iPhone
		{C1B317F8-212D-480A-AA4E-5E25BDBC08A2}.Debug|iPhoneSimulator.ActiveCfg = Debug|iPhoneSimulator
		{C1B317F8-212D-480A-AA4E-5E25BDBC08A2}.Debug|iPhoneSimulator.Build.0 = Debug|iPhoneSimulator
		{C1B317F8-212D-480A-AA4E-5E25BDBC08A2}.Release|iPhone.ActiveCfg = Release|iPhone
		{C1B317F8-212D-480A-AA4E-5E25BDBC08A2}.Release|iPhone.Build.0 = Release|iPhone
		{C1B317F8-212D-480A-AA4E-5E25BDBC08A2}.Release|iPhoneSimulator.ActiveCfg = Release|iPhoneSimulator
		{C1B317F8-212D-480A-AA4E-5E25BDBC08A2}.Release|iPhoneSimulator.Build.0 = Release|iPhoneSimulator
		{C1B317F8-212D-480A-AA4E-5E25BDBC08A2}.Debug|iPhone.ActiveCfg = Debug|iPhone
		{C1B317F8-212D-480A-AA4E-5E25BDBC08A2}.Debug|iPhone.Build.0 = Debug|iPhone
		{B39137AE-7426-4415-8202-D6367D557806}.Debug|Any CPU.ActiveCfg = Debug|Any CPU
		{B39137AE-7426-4415-8202-D6367D557806}.Debug|Any CPU.Build.0 = Debug|Any CPU
		{B39137AE-7426-4415-8202-D6367D557806}.Release|Any CPU.ActiveCfg = Release|Any CPU
		{B39137AE-7426-4415-8202-D6367D557806}.Release|Any CPU.Build.0 = Release|Any CPU
		{B39137AE-7426-4415-8202-D6367D557806}.Debug|iPhoneSimulator.ActiveCfg = Debug|Any CPU
		{B39137AE-7426-4415-8202-D6367D557806}.Debug|iPhoneSimulator.Build.0 = Debug|Any CPU
		{B39137AE-7426-4415-8202-D6367D557806}.Release|iPhone.ActiveCfg = Release|Any CPU
		{B39137AE-7426-4415-8202-D6367D557806}.Release|iPhone.Build.0 = Release|Any CPU
		{B39137AE-7426-4415-8202-D6367D557806}.Release|iPhoneSimulator.ActiveCfg = Release|Any CPU
		{B39137AE-7426-4415-8202-D6367D557806}.Release|iPhoneSimulator.Build.0 = Release|Any CPU
		{B39137AE-7426-4415-8202-D6367D557806}.Debug|iPhone.ActiveCfg = Debug|Any CPU
		{B39137AE-7426-4415-8202-D6367D557806}.Debug|iPhone.Build.0 = Debug|Any CPU
		{D61CD6E3-36EC-4517-B3A5-E07864B149BE}.Debug|Any CPU.ActiveCfg = Debug|Any CPU
		{D61CD6E3-36EC-4517-B3A5-E07864B149BE}.Debug|Any CPU.Build.0 = Debug|Any CPU
		{D61CD6E3-36EC-4517-B3A5-E07864B149BE}.Release|Any CPU.ActiveCfg = Release|Any CPU
		{D61CD6E3-36EC-4517-B3A5-E07864B149BE}.Release|Any CPU.Build.0 = Release|Any CPU
		{D61CD6E3-36EC-4517-B3A5-E07864B149BE}.Debug|iPhoneSimulator.ActiveCfg = Debug|Any CPU
		{D61CD6E3-36EC-4517-B3A5-E07864B149BE}.Debug|iPhoneSimulator.Build.0 = Debug|Any CPU
		{D61CD6E3-36EC-4517-B3A5-E07864B149BE}.Release|iPhone.ActiveCfg = Release|Any CPU
		{D61CD6E3-36EC-4517-B3A5-E07864B149BE}.Release|iPhone.Build.0 = Release|Any CPU
		{D61CD6E3-36EC-4517-B3A5-E07864B149BE}.Release|iPhoneSimulator.ActiveCfg = Release|Any CPU
		{D61CD6E3-36EC-4517-B3A5-E07864B149BE}.Release|iPhoneSimulator.Build.0 = Release|Any CPU
		{D61CD6E3-36EC-4517-B3A5-E07864B149BE}.Debug|iPhone.ActiveCfg = Debug|Any CPU
		{D61CD6E3-36EC-4517-B3A5-E07864B149BE}.Debug|iPhone.Build.0 = Debug|Any CPU
	EndGlobalSection
	GlobalSection(NestedProjects) = preSolution
		{6AF0AE38-F4D7-4A23-9E9F-4B11DF18ECC7} = {7531541E-B7FF-4E7E-B336-A7DAB576105A}
		{F1528ACD-1452-4DD4-8227-9CD52879D0E0} = {7531541E-B7FF-4E7E-B336-A7DAB576105A}
		{967C6CBE-86FA-4907-B153-063A3997B3CF} = {7531541E-B7FF-4E7E-B336-A7DAB576105A}
		{D757C407-D204-468E-8A85-8A3C79712FD6} = {7531541E-B7FF-4E7E-B336-A7DAB576105A}
		{5417603E-26FE-4000-AEDC-7B13AF7D2909} = {1ACA5A0C-0661-4274-A97E-9DC7E9B512BD}
		{CD9E691A-EA69-428F-B8A6-5F3969F38AF8} = {1ACA5A0C-0661-4274-A97E-9DC7E9B512BD}
		{EFAE0925-96E2-45B9-80F2-D2A63F839A1A} = {1ACA5A0C-0661-4274-A97E-9DC7E9B512BD}
		{E252288B-A091-4D4A-A6B9-89631F13FC48} = {7531541E-B7FF-4E7E-B336-A7DAB576105A}
		{EA027B4B-F1E1-4418-8A26-066DEDEFA4F0} = {7531541E-B7FF-4E7E-B336-A7DAB576105A}
		{83E5DC0E-47BC-45D9-A58D-69E5103E1955} = {1ACA5A0C-0661-4274-A97E-9DC7E9B512BD}
		{597E4337-8137-4BC3-A0B8-4858D8F8B6EE} = {83E5DC0E-47BC-45D9-A58D-69E5103E1955}
		{C1B317F8-212D-480A-AA4E-5E25BDBC08A2} = {83E5DC0E-47BC-45D9-A58D-69E5103E1955}
		{B39137AE-7426-4415-8202-D6367D557806} = {83E5DC0E-47BC-45D9-A58D-69E5103E1955}
		{D61CD6E3-36EC-4517-B3A5-E07864B149BE} = {1ACA5A0C-0661-4274-A97E-9DC7E9B512BD}
	EndGlobalSection
EndGlobal
